
Microsoft Visual Studio Solution File, Format Version 12.00
# Visual Studio Version 17
VisualStudioVersion = 17.13.35931.197 d17.13
MinimumVisualStudioVersion = 10.0.40219.1
Project("{F184B08F-C81C-45F6-A57F-5ABD9991F28F}") = "hiệu thuốc Healory", "hiệu thuốc Healory.vbproj", "{016AFAEB-E504-404F-9B60-E2718EBB138A}"
EndProject
Global
	GlobalSection(SolutionConfigurationPlatforms) = preSolution
		Debug|Any CPU = Debug|Any CPU
		Release|Any CPU = Release|Any CPU
	EndGlobalSection
	GlobalSection(ProjectConfigurationPlatforms) = postSolution
		{016AFAEB-E504-404F-9B60-E2718EBB138A}.Debug|Any CPU.ActiveCfg = Debug|Any CPU
		{016AFAEB-E504-404F-9B60-E2718EBB138A}.Debug|Any CPU.Build.0 = Debug|Any CPU
		{016AFAEB-E504-404F-9B60-E2718EBB138A}.Release|Any CPU.ActiveCfg = Release|Any CPU
		{016AFAEB-E504-404F-9B60-E2718EBB138A}.Release|Any CPU.Build.0 = Release|Any CPU
	EndGlobalSection
	GlobalSection(SolutionProperties) = preSolution
		HideSolutionNode = FALSE
	EndGlobalSection
	GlobalSection(ExtensibilityGlobals) = postSolution
		SolutionGuid = {FC7A9F6D-9EF7-4211-9828-FDF3838CF492}
	EndGlobalSection
EndGlobal
